
Microsoft Visual Studio Solution File, Format Version 12.00
# Visual Studio 15
VisualStudioVersion = 15.0.28010.2036
MinimumVisualStudioVersion = 10.0.40219.1
Project("{FAE04EC0-301F-11D3-BF4B-00C04F79EFBC}") = "WebApplication", "WebApplication\WebApplication.csproj", "{76A0D1E0-30A1-4104-A656-69BF71B722E4}"
EndProject
Global
	GlobalSection(SolutionConfigurationPlatforms) = preSolution
		Debug|Any CPU = Debug|Any CPU
		Release|Any CPU = Release|Any CPU
	EndGlobalSection
	GlobalSection(ProjectConfigurationPlatforms) = postSolution
		{76A0D1E0-30A1-4104-A656-69BF71B722E4}.Debug|Any CPU.ActiveCfg = Debug|Any CPU
		{76A0D1E0-30A1-4104-A656-69BF71B722E4}.Debug|Any CPU.Build.0 = Debug|Any CPU
		{76A0D1E0-30A1-4104-A656-69BF71B722E4}.Release|Any CPU.ActiveCfg = Release|Any CPU
		{76A0D1E0-30A1-4104-A656-69BF71B722E4}.Release|Any CPU.Build.0 = Release|Any CPU
	EndGlobalSection
	GlobalSection(SolutionProperties) = preSolution
		HideSolutionNode = FALSE
	EndGlobalSection
	GlobalSection(ExtensibilityGlobals) = postSolution
		SolutionGuid = {C3D4BDA2-A4ED-40B3-81E6-597C1165F600}
	EndGlobalSection
EndGlobal
